
Microsoft Visual Studio Solution File, Format Version 12.00
# Visual Studio Version 17
VisualStudioVersion = 17.7.34009.444
MinimumVisualStudioVersion = 10.0.40219.1
Project("{9A19103F-16F7-4668-BE54-9A1E7A4F7556}") = "smarthome.server.http", "smarthome.server.http\smarthome.server.http.csproj", "{7257DD9E-660C-4213-B214-451B07B65519}"
EndProject
Project("{9A19103F-16F7-4668-BE54-9A1E7A4F7556}") = "smarthome.registration", "smarthome.registration\smarthome.registration.csproj", "{954438B2-B1F7-4390-8244-92929D36B416}"
EndProject
Project("{9A19103F-16F7-4668-BE54-9A1E7A4F7556}") = "smarthome.shared", "smarthome.shared\smarthome.shared.csproj", "{D7E4133B-7A55-4E76-A389-387536F602AB}"
EndProject
Project("{9A19103F-16F7-4668-BE54-9A1E7A4F7556}") = "smarthome.provisioning", "smarthome.server.provisioning\smarthome.provisioning.csproj", "{DA9B7965-3C70-41BC-BB6E-F69470F697E3}"
EndProject
Project("{2150E333-8FDC-42A3-9474-1A3956D46DE8}") = "Solution Items", "Solution Items", "{476A14BE-0D37-4EDA-A7E2-E3B721C43322}"
	ProjectSection(SolutionItems) = preProject
		docker-compose.yaml = docker-compose.yaml
		README.md = README.md
	EndProjectSection
EndProject
Project("{FAE04EC0-301F-11D3-BF4B-00C04F79EFBC}") = "smarthome.migrations", "smarthome.migrations\smarthome.migrations.csproj", "{DA9D43BF-3AB9-4E4B-BE5D-BF960C15029C}"
EndProject
Global
	GlobalSection(SolutionConfigurationPlatforms) = preSolution
		Debug|Any CPU = Debug|Any CPU
		Release|Any CPU = Release|Any CPU
	EndGlobalSection
	GlobalSection(ProjectConfigurationPlatforms) = postSolution
		{7257DD9E-660C-4213-B214-451B07B65519}.Debug|Any CPU.ActiveCfg = Debug|Any CPU
		{7257DD9E-660C-4213-B214-451B07B65519}.Debug|Any CPU.Build.0 = Debug|Any CPU
		{7257DD9E-660C-4213-B214-451B07B65519}.Release|Any CPU.ActiveCfg = Release|Any CPU
		{7257DD9E-660C-4213-B214-451B07B65519}.Release|Any CPU.Build.0 = Release|Any CPU
		{954438B2-B1F7-4390-8244-92929D36B416}.Debug|Any CPU.ActiveCfg = Debug|Any CPU
		{954438B2-B1F7-4390-8244-92929D36B416}.Debug|Any CPU.Build.0 = Debug|Any CPU
		{954438B2-B1F7-4390-8244-92929D36B416}.Release|Any CPU.ActiveCfg = Release|Any CPU
		{954438B2-B1F7-4390-8244-92929D36B416}.Release|Any CPU.Build.0 = Release|Any CPU
		{D7E4133B-7A55-4E76-A389-387536F602AB}.Debug|Any CPU.ActiveCfg = Debug|Any CPU
		{D7E4133B-7A55-4E76-A389-387536F602AB}.Debug|Any CPU.Build.0 = Debug|Any CPU
		{D7E4133B-7A55-4E76-A389-387536F602AB}.Release|Any CPU.ActiveCfg = Release|Any CPU
		{D7E4133B-7A55-4E76-A389-387536F602AB}.Release|Any CPU.Build.0 = Release|Any CPU
		{DA9B7965-3C70-41BC-BB6E-F69470F697E3}.Debug|Any CPU.ActiveCfg = Debug|Any CPU
		{DA9B7965-3C70-41BC-BB6E-F69470F697E3}.Debug|Any CPU.Build.0 = Debug|Any CPU
		{DA9B7965-3C70-41BC-BB6E-F69470F697E3}.Release|Any CPU.ActiveCfg = Release|Any CPU
		{DA9B7965-3C70-41BC-BB6E-F69470F697E3}.Release|Any CPU.Build.0 = Release|Any CPU
		{DA9D43BF-3AB9-4E4B-BE5D-BF960C15029C}.Debug|Any CPU.ActiveCfg = Debug|Any CPU
		{DA9D43BF-3AB9-4E4B-BE5D-BF960C15029C}.Debug|Any CPU.Build.0 = Debug|Any CPU
		{DA9D43BF-3AB9-4E4B-BE5D-BF960C15029C}.Release|Any CPU.ActiveCfg = Release|Any CPU
		{DA9D43BF-3AB9-4E4B-BE5D-BF960C15029C}.Release|Any CPU.Build.0 = Release|Any CPU
	EndGlobalSection
	GlobalSection(SolutionProperties) = preSolution
		HideSolutionNode = FALSE
	EndGlobalSection
	GlobalSection(ExtensibilityGlobals) = postSolution
		SolutionGuid = {443E4B9D-92F4-4BF5-8CA0-F26B68A0E4E5}
	EndGlobalSection
EndGlobal
